{
  "name": "budget-cli",
  "lockfileVersion": 3,
  "requires": true,
  "packages": {
    "": {
      "dependencies": {
        "@clack/prompts": "1.0.0-alpha.4"
      },
      "engines": {
        "node": ">=25"
      }
    },
    "node_modules/@clack/core": {
      "version": "1.0.0-alpha.4",
      "resolved": "https://registry.npmjs.org/@clack/core/-/core-1.0.0-alpha.4.tgz",
      "integrity": "sha512-VCtU+vjyKPMSakVrB9q1bOnXN7QW/w4+YQDQCOF59GrzydW+169i0fVx/qzRRXJgt8KGj/pZZ/JxXroFZIDByg==",
      "license": "MIT",
      "dependencies": {
        "picocolors": "^1.0.0",
        "sisteransi": "^1.0.5"
      }
    },
    "node_modules/@clack/prompts": {
      "version": "1.0.0-alpha.4",
      "resolved": "https://registry.npmjs.org/@clack/prompts/-/prompts-1.0.0-alpha.4.tgz",
      "integrity": "sha512-KnmtDF2xQGoI5AlBme9akHtvCRV0RKAARUXHBQO2tMwnY8B08/4zPWigT7uLK25UPrMCEqnyQPkKRjNdhPbf8g==",
      "license": "MIT",
      "dependencies": {
        "@clack/core": "1.0.0-alpha.4",
        "picocolors": "^1.0.0",
        "sisteransi": "^1.0.5"
      }
    },
    "node_modules/picocolors": {
      "version": "1.1.1",
      "resolved": "https://registry.npmjs.org/picocolors/-/picocolors-1.1.1.tgz",
      "integrity": "sha512-xceH2snhtb5M9liqDsmEw56le376mTZkEX/jEb/RxNFyegNul7eNslCXP9FDj/Lcu0X8KEyMceP2ntpaHrDEVA==",
      "license": "ISC"
    },
    "node_modules/sisteransi": {
      "version": "1.0.5",
      "resolved": "https://registry.npmjs.org/sisteransi/-/sisteransi-1.0.5.tgz",
      "integrity": "sha512-bLGGlR1QxBcynn2d5YmDX4MGjlZvy2MRBDRNHLJ8VI6l6+9FUiyTFNJ0IveOSP0bcXgVDPRcfGqA0pjaqUpfVg==",
      "license": "MIT"
    }
  }
}
